{
  "requires": true,
  "lockfileVersion": 1,
  "dependencies": {
    "@georgedoescode/cx": {
      "version": "1.0.6",
      "resolved": "https://registry.npmjs.org/@georgedoescode/cx/-/cx-1.0.6.tgz",
      "integrity": "sha512-K/9e8cTNfBNopWagndqGul1KIbdAYcnz1lmk1zM6nIWMjARUXqzeygqHzjKx05QUlkKJBQzogx/2MOgsFFwj6g=="
    }
  }
}
